
Microsoft Visual Studio Solution File, Format Version 12.00
# Visual Studio 15
VisualStudioVersion = 15.0.28306.52
MinimumVisualStudioVersion = 10.0.40219.1
Project("{FAE04EC0-301F-11D3-BF4B-00C04F79EFBC}") = "WorkManagementApp.Web", "WorkManagementApp.Web\WorkManagementApp.Web.csproj", "{789C734A-2B86-493C-A38F-F4BCDB74C344}"
EndProject
Global
	GlobalSection(SolutionConfigurationPlatforms) = preSolution
		Debug|Any CPU = Debug|Any CPU
		Release|Any CPU = Release|Any CPU
	EndGlobalSection
	GlobalSection(ProjectConfigurationPlatforms) = postSolution
		{789C734A-2B86-493C-A38F-F4BCDB74C344}.Debug|Any CPU.ActiveCfg = Debug|Any CPU
		{789C734A-2B86-493C-A38F-F4BCDB74C344}.Debug|Any CPU.Build.0 = Debug|Any CPU
		{789C734A-2B86-493C-A38F-F4BCDB74C344}.Release|Any CPU.ActiveCfg = Release|Any CPU
		{789C734A-2B86-493C-A38F-F4BCDB74C344}.Release|Any CPU.Build.0 = Release|Any CPU
	EndGlobalSection
	GlobalSection(SolutionProperties) = preSolution
		HideSolutionNode = FALSE
	EndGlobalSection
	GlobalSection(ExtensibilityGlobals) = postSolution
		SolutionGuid = {89633EE0-8FA0-4222-B4DD-3E9E91F027A4}
	EndGlobalSection
EndGlobal
