
Microsoft Visual Studio Solution File, Format Version 12.00
# Visual Studio 15
VisualStudioVersion = 15.0.28306.52
MinimumVisualStudioVersion = 10.0.40219.1
Project("{FAE04EC0-301F-11D3-BF4B-00C04F79EFBC}") = "WorkManagementApp.Web", "WorkManagementApp.Web\WorkManagementApp.Web.csproj", "{789C734A-2B86-493C-A38F-F4BCDB74C344}"
EndProject
Project("{2150E333-8FDC-42A3-9474-1A3956D46DE8}") = "Data", "Data", "{2657F698-4CCC-405B-899E-16F764B5BD85}"
EndProject
Project("{FAE04EC0-301F-11D3-BF4B-00C04F79EFBC}") = "WorkManagementApp.Data", "WorkManagementApp.Data\WorkManagementApp.Data.csproj", "{5F378ACF-0B6D-495B-AE2C-AB26FC3A73AF}"
EndProject
Project("{FAE04EC0-301F-11D3-BF4B-00C04F79EFBC}") = "WorkManagementApp.Models", "WorkManagementApp.Models\WorkManagementApp.Models.csproj", "{541F89EC-38C1-4A2B-9656-A2EC6E7483DE}"
EndProject
Global
	GlobalSection(SolutionConfigurationPlatforms) = preSolution
		Debug|Any CPU = Debug|Any CPU
		Release|Any CPU = Release|Any CPU
	EndGlobalSection
	GlobalSection(ProjectConfigurationPlatforms) = postSolution
		{789C734A-2B86-493C-A38F-F4BCDB74C344}.Debug|Any CPU.ActiveCfg = Debug|Any CPU
		{789C734A-2B86-493C-A38F-F4BCDB74C344}.Debug|Any CPU.Build.0 = Debug|Any CPU
		{789C734A-2B86-493C-A38F-F4BCDB74C344}.Release|Any CPU.ActiveCfg = Release|Any CPU
		{789C734A-2B86-493C-A38F-F4BCDB74C344}.Release|Any CPU.Build.0 = Release|Any CPU
		{5F378ACF-0B6D-495B-AE2C-AB26FC3A73AF}.Debug|Any CPU.ActiveCfg = Debug|Any CPU
		{5F378ACF-0B6D-495B-AE2C-AB26FC3A73AF}.Debug|Any CPU.Build.0 = Debug|Any CPU
		{5F378ACF-0B6D-495B-AE2C-AB26FC3A73AF}.Release|Any CPU.ActiveCfg = Release|Any CPU
		{5F378ACF-0B6D-495B-AE2C-AB26FC3A73AF}.Release|Any CPU.Build.0 = Release|Any CPU
		{541F89EC-38C1-4A2B-9656-A2EC6E7483DE}.Debug|Any CPU.ActiveCfg = Debug|Any CPU
		{541F89EC-38C1-4A2B-9656-A2EC6E7483DE}.Debug|Any CPU.Build.0 = Debug|Any CPU
		{541F89EC-38C1-4A2B-9656-A2EC6E7483DE}.Release|Any CPU.ActiveCfg = Release|Any CPU
		{541F89EC-38C1-4A2B-9656-A2EC6E7483DE}.Release|Any CPU.Build.0 = Release|Any CPU
	EndGlobalSection
	GlobalSection(SolutionProperties) = preSolution
		HideSolutionNode = FALSE
	EndGlobalSection
	GlobalSection(NestedProjects) = preSolution
		{5F378ACF-0B6D-495B-AE2C-AB26FC3A73AF} = {2657F698-4CCC-405B-899E-16F764B5BD85}
		{541F89EC-38C1-4A2B-9656-A2EC6E7483DE} = {2657F698-4CCC-405B-899E-16F764B5BD85}
	EndGlobalSection
	GlobalSection(ExtensibilityGlobals) = postSolution
		SolutionGuid = {89633EE0-8FA0-4222-B4DD-3E9E91F027A4}
	EndGlobalSection
EndGlobal
